// !$*UTF8*$!
{
	archiveVersion = 1;
	classes = {
	};
	objectVersion = 50;
	objects = {

/* Begin PBXBuildFile section */
		DF5A06FA25B3245900EFC81E /* AppDelegate.swift in Sources */ = {isa = PBXBuildFile; fileRef = DF5A06F925B3245900EFC81E /* AppDelegate.swift */; };
		DF5A06FC25B3245900EFC81E /* SceneDelegate.swift in Sources */ = {isa = PBXBuildFile; fileRef = DF5A06FB25B3245900EFC81E /* SceneDelegate.swift */; };
		DF5A06FE25B3245900EFC81E /* ViewController.swift in Sources */ = {isa = PBXBuildFile; fileRef = DF5A06FD25B3245900EFC81E /* ViewController.swift */; };
		DF5A070125B3245900EFC81E /* Main.storyboard in Resources */ = {isa = PBXBuildFile; fileRef = DF5A06FF25B3245900EFC81E /* Main.storyboard */; };
		DF5A070425B3245900EFC81E /* BookRecorder.xcdatamodeld in Sources */ = {isa = PBXBuildFile; fileRef = DF5A070225B3245900EFC81E /* BookRecorder.xcdatamodeld */; };
		DF5A070625B3245D00EFC81E /* Assets.xcassets in Resources */ = {isa = PBXBuildFile; fileRef = DF5A070525B3245D00EFC81E /* Assets.xcassets */; };
		DF5A070925B3245D00EFC81E /* LaunchScreen.storyboard in Resources */ = {isa = PBXBuildFile; fileRef = DF5A070725B3245D00EFC81E /* LaunchScreen.storyboard */; };
/* End PBXBuildFile section */

/* Begin PBXFileReference section */
		DF5A06F625B3245900EFC81E /* BookRecorder.app */ = {isa = PBXFileReference; explicitFileType = wrapper.application; includeInIndex = 0; path = BookRecorder.app; sourceTree = BUILT_PRODUCTS_DIR; };
		DF5A06F925B3245900EFC81E /* AppDelegate.swift */ = {isa = PBXFileReference; lastKnownFileType = sourcecode.swift; path = AppDelegate.swift; sourceTree = "<group>"; };
		DF5A06FB25B3245900EFC81E /* SceneDelegate.swift */ = {isa = PBXFileReference; lastKnownFileType = sourcecode.swift; path = SceneDelegate.swift; sourceTree = "<group>"; };
		DF5A06FD25B3245900EFC81E /* ViewController.swift */ = {isa = PBXFileReference; lastKnownFileType = sourcecode.swift; path = ViewController.swift; sourceTree = "<group>"; };
		DF5A070025B3245900EFC81E /* Base */ = {isa = PBXFileReference; lastKnownFileType = file.storyboard; name = Base; path = Base.lproj/Main.storyboard; sourceTree = "<group>"; };
		DF5A070325B3245900EFC81E /* BookRecorder.xcdatamodel */ = {isa = PBXFileReference; lastKnownFileType = wrapper.xcdatamodel; path = BookRecorder.xcdatamodel; sourceTree = "<group>"; };
		DF5A070525B3245D00EFC81E /* Assets.xcassets */ = {isa = PBXFileReference; lastKnownFileType = folder.assetcatalog; path = Assets.xcassets; sourceTree = "<group>"; };
		DF5A070825B3245D00EFC81E /* Base */ = {isa = PBXFileReference; lastKnownFileType = file.storyboard; name = Base; path = Base.lproj/LaunchScreen.storyboard; sourceTree = "<group>"; };
		DF5A070A25B3245D00EFC81E /* Info.plist */ = {isa = PBXFileReference; lastKnownFileType = text.plist.xml; path = Info.plist; sourceTree = "<group>"; };
/* End PBXFileReference section */

/* Begin PBXFrameworksBuildPhase section */
		DF5A06F325B3245900EFC81E /* Frameworks */ = {
			isa = PBXFrameworksBuildPhase;
			buildActionMask = 2147483647;
			files = (
			);
			runOnlyForDeploymentPostprocessing = 0;
		};
/* End PBXFrameworksBuildPhase section */

/* Begin PBXGroup section */
		DF5A06ED25B3245900EFC81E = {
			isa = PBXGroup;
			children = (
				DF5A06F825B3245900EFC81E /* BookRecorder */,
				DF5A06F725B3245900EFC81E /* Products */,
			);
			sourceTree = "<group>";
		};
		DF5A06F725B3245900EFC81E /* Products */ = {
			isa = PBXGroup;
			children = (
				DF5A06F625B3245900EFC81E /* BookRecorder.app */,
			);
			name = Products;
			sourceTree = "<group>";
		};
		DF5A06F825B3245900EFC81E /* BookRecorder */ = {
			isa = PBXGroup;
			children = (
				DF5A06F925B3245900EFC81E /* AppDelegate.swift */,
				DF5A06FB25B3245900EFC81E /* SceneDelegate.swift */,
				DF5A06FD25B3245900EFC81E /* ViewController.swift */,
				DF5A071425B3272C00EFC81E /* UseCases */,
				DF5A071325B3272A00EFC81E /* Util */,
				DF5A071225B3272300EFC81E /* SupportingFiles */,
				DF5A070525B3245D00EFC81E /* Assets.xcassets */,
				DF5A070225B3245900EFC81E /* BookRecorder.xcdatamodeld */,
			);
			path = BookRecorder;
			sourceTree = "<group>";
		};
		DF5A071225B3272300EFC81E /* SupportingFiles */ = {
			isa = PBXGroup;
			children = (
				DF5A070A25B3245D00EFC81E /* Info.plist */,
			);
			path = SupportingFiles;
			sourceTree = "<group>";
		};
		DF5A071325B3272A00EFC81E /* Util */ = {
			isa = PBXGroup;
			children = (
				DF5A071825B3278100EFC81E /* Extension */,
			);
			path = Util;
			sourceTree = "<group>";
		};
		DF5A071425B3272C00EFC81E /* UseCases */ = {
			isa = PBXGroup;
			children = (
				DF5A071725B3277200EFC81E /* Main */,
				DF5A071625B3274C00EFC81E /* Launch */,
			);
			path = UseCases;
			sourceTree = "<group>";
		};
		DF5A071625B3274C00EFC81E /* Launch */ = {
			isa = PBXGroup;
			children = (
				DF5A070725B3245D00EFC81E /* LaunchScreen.storyboard */,
			);
			path = Launch;
			sourceTree = "<group>";
		};
		DF5A071725B3277200EFC81E /* Main */ = {
			isa = PBXGroup;
			children = (
				DF5A06FF25B3245900EFC81E /* Main.storyboard */,
			);
			path = Main;
			sourceTree = "<group>";
		};
		DF5A071825B3278100EFC81E /* Extension */ = {
			isa = PBXGroup;
			children = (
			);
			path = Extension;
			sourceTree = "<group>";
		};
/* End PBXGroup section */

/* Begin PBXNativeTarget section */
		DF5A06F525B3245900EFC81E /* BookRecorder */ = {
			isa = PBXNativeTarget;
			buildConfigurationList = DF5A070D25B3245D00EFC81E /* Build configuration list for PBXNativeTarget "BookRecorder" */;
			buildPhases = (
				DF5A06F225B3245900EFC81E /* Sources */,
				DF5A06F325B3245900EFC81E /* Frameworks */,
				DF5A06F425B3245900EFC81E /* Resources */,
			);
			buildRules = (
			);
			dependencies = (
			);
			name = BookRecorder;
			productName = BookRecorder;
			productReference = DF5A06F625B3245900EFC81E /* BookRecorder.app */;
			productType = "com.apple.product-type.application";
		};
/* End PBXNativeTarget section */

/* Begin PBXProject section */
		DF5A06EE25B3245900EFC81E /* Project object */ = {
			isa = PBXProject;
			attributes = {
				LastSwiftUpdateCheck = 1230;
				LastUpgradeCheck = 1230;
				TargetAttributes = {
					DF5A06F525B3245900EFC81E = {
						CreatedOnToolsVersion = 12.3;
					};
				};
			};
			buildConfigurationList = DF5A06F125B3245900EFC81E /* Build configuration list for PBXProject "BookRecorder" */;
			compatibilityVersion = "Xcode 9.3";
			developmentRegion = en;
			hasScannedForEncodings = 0;
			knownRegions = (
				en,
				Base,
			);
			mainGroup = DF5A06ED25B3245900EFC81E;
			productRefGroup = DF5A06F725B3245900EFC81E /* Products */;
			projectDirPath = "";
			projectRoot = "";
			targets = (
				DF5A06F525B3245900EFC81E /* BookRecorder */,
			);
		};
/* End PBXProject section */

/* Begin PBXResourcesBuildPhase section */
		DF5A06F425B3245900EFC81E /* Resources */ = {
			isa = PBXResourcesBuildPhase;
			buildActionMask = 2147483647;
			files = (
				DF5A070925B3245D00EFC81E /* LaunchScreen.storyboard in Resources */,
				DF5A070625B3245D00EFC81E /* Assets.xcassets in Resources */,
				DF5A070125B3245900EFC81E /* Main.storyboard in Resources */,
			);
			runOnlyForDeploymentPostprocessing = 0;
		};
/* End PBXResourcesBuildPhase section */

/* Begin PBXSourcesBuildPhase section */
		DF5A06F225B3245900EFC81E /* Sources */ = {
			isa = PBXSourcesBuildPhase;
			buildActionMask = 2147483647;
			files = (
				DF5A06FE25B3245900EFC81E /* ViewController.swift in Sources */,
				DF5A06FA25B3245900EFC81E /* AppDelegate.swift in Sources */,
				DF5A070425B3245900EFC81E /* BookRecorder.xcdatamodeld in Sources */,
				DF5A06FC25B3245900EFC81E /* SceneDelegate.swift in Sources */,
			);
			runOnlyForDeploymentPostprocessing = 0;
		};
/* End PBXSourcesBuildPhase section */

/* Begin PBXVariantGroup section */
		DF5A06FF25B3245900EFC81E /* Main.storyboard */ = {
			isa = PBXVariantGroup;
			children = (
				DF5A070025B3245900EFC81E /* Base */,
			);
			name = Main.storyboard;
			sourceTree = "<group>";
		};
		DF5A070725B3245D00EFC81E /* LaunchScreen.storyboard */ = {
			isa = PBXVariantGroup;
			children = (
				DF5A070825B3245D00EFC81E /* Base */,
			);
			name = LaunchScreen.storyboard;
			sourceTree = "<group>";
		};
/* End PBXVariantGroup section */

/* Begin XCBuildConfiguration section */
		DF5A070B25B3245D00EFC81E /* Debug */ = {
			isa = XCBuildConfiguration;
			buildSettings = {
				ALWAYS_SEARCH_USER_PATHS = NO;
				CLANG_ANALYZER_NONNULL = YES;
				CLANG_ANALYZER_NUMBER_OBJECT_CONVERSION = YES_AGGRESSIVE;
				CLANG_CXX_LANGUAGE_STANDARD = "gnu++14";
				CLANG_CXX_LIBRARY = "libc++";
				CLANG_ENABLE_MODULES = YES;
				CLANG_ENABLE_OBJC_ARC = YES;
				CLANG_ENABLE_OBJC_WEAK = YES;
				CLANG_WARN_BLOCK_CAPTURE_AUTORELEASING = YES;
				CLANG_WARN_BOOL_CONVERSION = YES;
				CLANG_WARN_COMMA = YES;
				CLANG_WARN_CONSTANT_CONVERSION = YES;
				CLANG_WARN_DEPRECATED_OBJC_IMPLEMENTATIONS = YES;
				CLANG_WARN_DIRECT_OBJC_ISA_USAGE = YES_ERROR;
				CLANG_WARN_DOCUMENTATION_COMMENTS = YES;
				CLANG_WARN_EMPTY_BODY = YES;
				CLANG_WARN_ENUM_CONVERSION = YES;
				CLANG_WARN_INFINITE_RECURSION = YES;
				CLANG_WARN_INT_CONVERSION = YES;
				CLANG_WARN_NON_LITERAL_NULL_CONVERSION = YES;
				CLANG_WARN_OBJC_IMPLICIT_RETAIN_SELF = YES;
				CLANG_WARN_OBJC_LITERAL_CONVERSION = YES;
				CLANG_WARN_OBJC_ROOT_CLASS = YES_ERROR;
				CLANG_WARN_QUOTED_INCLUDE_IN_FRAMEWORK_HEADER = YES;
				CLANG_WARN_RANGE_LOOP_ANALYSIS = YES;
				CLANG_WARN_STRICT_PROTOTYPES = YES;
				CLANG_WARN_SUSPICIOUS_MOVE = YES;
				CLANG_WARN_UNGUARDED_AVAILABILITY = YES_AGGRESSIVE;
				CLANG_WARN_UNREACHABLE_CODE = YES;
				CLANG_WARN__DUPLICATE_METHOD_MATCH = YES;
				COPY_PHASE_STRIP = NO;
				DEBUG_INFORMATION_FORMAT = dwarf;
				ENABLE_STRICT_OBJC_MSGSEND = YES;
				ENABLE_TESTABILITY = YES;
				GCC_C_LANGUAGE_STANDARD = gnu11;
				GCC_DYNAMIC_NO_PIC = NO;
				GCC_NO_COMMON_BLOCKS = YES;
				GCC_OPTIMIZATION_LEVEL = 0;
				GCC_PREPROCESSOR_DEFINITIONS = (
					"DEBUG=1",
					"$(inherited)",
				);
				GCC_WARN_64_TO_32_BIT_CONVERSION = YES;
				GCC_WARN_ABOUT_RETURN_TYPE = YES_ERROR;
				GCC_WARN_UNDECLARED_SELECTOR = YES;
				GCC_WARN_UNINITIALIZED_AUTOS = YES_AGGRESSIVE;
				GCC_WARN_UNUSED_FUNCTION = YES;
				GCC_WARN_UNUSED_VARIABLE = YES;
				IPHONEOS_DEPLOYMENT_TARGET = 14.3;
				MTL_ENABLE_DEBUG_INFO = INCLUDE_SOURCE;
				MTL_FAST_MATH = YES;
				ONLY_ACTIVE_ARCH = YES;
				SDKROOT = iphoneos;
				SWIFT_ACTIVE_COMPILATION_CONDITIONS = DEBUG;
				SWIFT_OPTIMIZATION_LEVEL = "-Onone";
			};
			name = Debug;
		};
		DF5A070C25B3245D00EFC81E /* Release */ = {
			isa = XCBuildConfiguration;
			buildSettings = {
				ALWAYS_SEARCH_USER_PATHS = NO;
				CLANG_ANALYZER_NONNULL = YES;
				CLANG_ANALYZER_NUMBER_OBJECT_CONVERSION = YES_AGGRESSIVE;
				CLANG_CXX_LANGUAGE_STANDARD = "gnu++14";
				CLANG_CXX_LIBRARY = "libc++";
				CLANG_ENABLE_MODULES = YES;
				CLANG_ENABLE_OBJC_ARC = YES;
				CLANG_ENABLE_OBJC_WEAK = YES;
				CLANG_WARN_BLOCK_CAPTURE_AUTORELEASING = YES;
				CLANG_WARN_BOOL_CONVERSION = YES;
				CLANG_WARN_COMMA = YES;
				CLANG_WARN_CONSTANT_CONVERSION = YES;
				CLANG_WARN_DEPRECATED_OBJC_IMPLEMENTATIONS = YES;
				CLANG_WARN_DIRECT_OBJC_ISA_USAGE = YES_ERROR;
				CLANG_WARN_DOCUMENTATION_COMMENTS = YES;
				CLANG_WARN_EMPTY_BODY = YES;
				CLANG_WARN_ENUM_CONVERSION = YES;
				CLANG_WARN_INFINITE_RECURSION = YES;
				CLANG_WARN_INT_CONVERSION = YES;
				CLANG_WARN_NON_LITERAL_NULL_CONVERSION = YES;
				CLANG_WARN_OBJC_IMPLICIT_RETAIN_SELF = YES;
				CLANG_WARN_OBJC_LITERAL_CONVERSION = YES;
				CLANG_WARN_OBJC_ROOT_CLASS = YES_ERROR;
				CLANG_WARN_QUOTED_INCLUDE_IN_FRAMEWORK_HEADER = YES;
				CLANG_WARN_RANGE_LOOP_ANALYSIS = YES;
				CLANG_WARN_STRICT_PROTOTYPES = YES;
				CLANG_WARN_SUSPICIOUS_MOVE = YES;
				CLANG_WARN_UNGUARDED_AVAILABILITY = YES_AGGRESSIVE;
				CLANG_WARN_UNREACHABLE_CODE = YES;
				CLANG_WARN__DUPLICATE_METHOD_MATCH = YES;
				COPY_PHASE_STRIP = NO;
				DEBUG_INFORMATION_FORMAT = "dwarf-with-dsym";
				ENABLE_NS_ASSERTIONS = NO;
				ENABLE_STRICT_OBJC_MSGSEND = YES;
				GCC_C_LANGUAGE_STANDARD = gnu11;
				GCC_NO_COMMON_BLOCKS = YES;
				GCC_WARN_64_TO_32_BIT_CONVERSION = YES;
				GCC_WARN_ABOUT_RETURN_TYPE = YES_ERROR;
				GCC_WARN_UNDECLARED_SELECTOR = YES;
				GCC_WARN_UNINITIALIZED_AUTOS = YES_AGGRESSIVE;
				GCC_WARN_UNUSED_FUNCTION = YES;
				GCC_WARN_UNUSED_VARIABLE = YES;
				IPHONEOS_DEPLOYMENT_TARGET = 14.3;
				MTL_ENABLE_DEBUG_INFO = NO;
				MTL_FAST_MATH = YES;
				SDKROOT = iphoneos;
				SWIFT_COMPILATION_MODE = wholemodule;
				SWIFT_OPTIMIZATION_LEVEL = "-O";
				VALIDATE_PRODUCT = YES;
			};
			name = Release;
		};
		DF5A070E25B3245D00EFC81E /* Debug */ = {
			isa = XCBuildConfiguration;
			buildSettings = {
				ASSETCATALOG_COMPILER_APPICON_NAME = AppIcon;
				ASSETCATALOG_COMPILER_GLOBAL_ACCENT_COLOR_NAME = AccentColor;
				CODE_SIGN_STYLE = Automatic;
				DEVELOPMENT_TEAM = XZ3K8YX7LC;
				INFOPLIST_FILE = BookRecorder/SupportingFiles/Info.plist;
				LD_RUNPATH_SEARCH_PATHS = (
					"$(inherited)",
					"@executable_path/Frameworks",
				);
				PRODUCT_BUNDLE_IDENTIFIER = com.Ruiz.BookRecorder;
				PRODUCT_NAME = "$(TARGET_NAME)";
				SWIFT_VERSION = 5.0;
				TARGETED_DEVICE_FAMILY = "1,2";
			};
			name = Debug;
		};
		DF5A070F25B3245D00EFC81E /* Release */ = {
			isa = XCBuildConfiguration;
			buildSettings = {
				ASSETCATALOG_COMPILER_APPICON_NAME = AppIcon;
				ASSETCATALOG_COMPILER_GLOBAL_ACCENT_COLOR_NAME = AccentColor;
				CODE_SIGN_STYLE = Automatic;
				DEVELOPMENT_TEAM = XZ3K8YX7LC;
				INFOPLIST_FILE = BookRecorder/SupportingFiles/Info.plist;
				LD_RUNPATH_SEARCH_PATHS = (
					"$(inherited)",
					"@executable_path/Frameworks",
				);
				PRODUCT_BUNDLE_IDENTIFIER = com.Ruiz.BookRecorder;
				PRODUCT_NAME = "$(TARGET_NAME)";
				SWIFT_VERSION = 5.0;
				TARGETED_DEVICE_FAMILY = "1,2";
			};
			name = Release;
		};
/* End XCBuildConfiguration section */

/* Begin XCConfigurationList section */
		DF5A06F125B3245900EFC81E /* Build configuration list for PBXProject "BookRecorder" */ = {
			isa = XCConfigurationList;
			buildConfigurations = (
				DF5A070B25B3245D00EFC81E /* Debug */,
				DF5A070C25B3245D00EFC81E /* Release */,
			);
			defaultConfigurationIsVisible = 0;
			defaultConfigurationName = Release;
		};
		DF5A070D25B3245D00EFC81E /* Build configuration list for PBXNativeTarget "BookRecorder" */ = {
			isa = XCConfigurationList;
			buildConfigurations = (
				DF5A070E25B3245D00EFC81E /* Debug */,
				DF5A070F25B3245D00EFC81E /* Release */,
			);
			defaultConfigurationIsVisible = 0;
			defaultConfigurationName = Release;
		};
/* End XCConfigurationList section */

/* Begin XCVersionGroup section */
		DF5A070225B3245900EFC81E /* BookRecorder.xcdatamodeld */ = {
			isa = XCVersionGroup;
			children = (
				DF5A070325B3245900EFC81E /* BookRecorder.xcdatamodel */,
			);
			currentVersion = DF5A070325B3245900EFC81E /* BookRecorder.xcdatamodel */;
			path = BookRecorder.xcdatamodeld;
			sourceTree = "<group>";
			versionGroupType = wrapper.xcdatamodel;
		};
/* End XCVersionGroup section */
	};
	rootObject = DF5A06EE25B3245900EFC81E /* Project object */;
}
